
Microsoft Visual Studio Solution File, Format Version 12.00
# Visual Studio Version 17
VisualStudioVersion = 17.10.35027.167
MinimumVisualStudioVersion = 10.0.40219.1
Project("{9A19103F-16F7-4668-BE54-9A1E7A4F7556}") = "ChatRabbitMQ", "ChatRabbitMQ\ChatRabbitMQ.csproj", "{F490AB96-E189-46FD-B604-80F68BC7B514}"
EndProject
Project("{9A19103F-16F7-4668-BE54-9A1E7A4F7556}") = "ChatRabbitMQ.Service", "ChatRabbitMQ.Service\ChatRabbitMQ.Service.csproj", "{1B7FD786-8F6D-4324-BE58-66A61BBE9E1A}"
EndProject
Project("{FAE04EC0-301F-11D3-BF4B-00C04F79EFBC}") = "ChatRabbitMQ.Model", "ChatRabbitMQ.Model\ChatRabbitMQ.Model.csproj", "{107655DA-441A-4B5D-AD7A-1D904135036A}"
EndProject
Global
	GlobalSection(SolutionConfigurationPlatforms) = preSolution
		Debug|Any CPU = Debug|Any CPU
		Release|Any CPU = Release|Any CPU
	EndGlobalSection
	GlobalSection(ProjectConfigurationPlatforms) = postSolution
		{F490AB96-E189-46FD-B604-80F68BC7B514}.Debug|Any CPU.ActiveCfg = Debug|Any CPU
		{F490AB96-E189-46FD-B604-80F68BC7B514}.Debug|Any CPU.Build.0 = Debug|Any CPU
		{F490AB96-E189-46FD-B604-80F68BC7B514}.Release|Any CPU.ActiveCfg = Release|Any CPU
		{F490AB96-E189-46FD-B604-80F68BC7B514}.Release|Any CPU.Build.0 = Release|Any CPU
		{1B7FD786-8F6D-4324-BE58-66A61BBE9E1A}.Debug|Any CPU.ActiveCfg = Debug|Any CPU
		{1B7FD786-8F6D-4324-BE58-66A61BBE9E1A}.Debug|Any CPU.Build.0 = Debug|Any CPU
		{1B7FD786-8F6D-4324-BE58-66A61BBE9E1A}.Release|Any CPU.ActiveCfg = Release|Any CPU
		{1B7FD786-8F6D-4324-BE58-66A61BBE9E1A}.Release|Any CPU.Build.0 = Release|Any CPU
		{107655DA-441A-4B5D-AD7A-1D904135036A}.Debug|Any CPU.ActiveCfg = Debug|Any CPU
		{107655DA-441A-4B5D-AD7A-1D904135036A}.Debug|Any CPU.Build.0 = Debug|Any CPU
		{107655DA-441A-4B5D-AD7A-1D904135036A}.Release|Any CPU.ActiveCfg = Release|Any CPU
		{107655DA-441A-4B5D-AD7A-1D904135036A}.Release|Any CPU.Build.0 = Release|Any CPU
	EndGlobalSection
	GlobalSection(SolutionProperties) = preSolution
		HideSolutionNode = FALSE
	EndGlobalSection
	GlobalSection(ExtensibilityGlobals) = postSolution
		SolutionGuid = {104127C0-574A-489F-B684-82BD34E244AC}
	EndGlobalSection
EndGlobal
